
Microsoft Visual Studio Solution File, Format Version 12.00
# Visual Studio Version 17
VisualStudioVersion = 17.0.31903.59
MinimumVisualStudioVersion = 10.0.40219.1

# ==============================================================================
# C++ Tutorial Course - Complete 400 Hour Course
# All 370+ Lessons with Executable Code
# ==============================================================================

# Part 1: C++ Fundamentals (80 Lessons)
# Part 2: MFC UI Development (90 Lessons)
# Part 3: 3D Rendering (100 Lessons)
# Part 4: Optimization & Advanced (100 Lessons)

# ==============================================================================
# PART 1: C++ FUNDAMENTALS
# ==============================================================================

Project("{8BC9CEB8-8B4A-11D0-8D11-00A0C91BC942}") = "Lesson01_HelloWorld", "Part1-Fundamentals\Lesson01_HelloWorld.vcxproj", "{10000001-0000-0000-0000-000000000001}"
EndProject

Project("{8BC9CEB8-8B4A-11D0-8D11-00A0C91BC942}") = "Lesson02_Variables", "Part1-Fundamentals\Lesson02_Variables.vcxproj", "{10000002-0000-0000-0000-000000000002}"
EndProject

Project("{8BC9CEB8-8B4A-11D0-8D11-00A0C91BC942}") = "Lesson03_Operators", "Part1-Fundamentals\Lesson03_Operators.vcxproj", "{10000003-0000-0000-0000-000000000003}"
EndProject

# Note: Add all 80 lessons following the same pattern
# Each lesson gets a unique GUID in format: {1000000X-0000-0000-0000-00000000000X}

# ==============================================================================
# PART 2: MFC UI DEVELOPMENT
# ==============================================================================

Project("{8BC9CEB8-8B4A-11D0-8D11-00A0C91BC942}") = "Lesson01_SimpleMFC", "Part2-MFC-UI\Lesson01_SimpleMFC\SimpleMFC.vcxproj", "{20000001-0000-0000-0000-000000000001}"
EndProject

Project("{8BC9CEB8-8B4A-11D0-8D11-00A0C91BC942}") = "Lesson02_Calculator", "Part2-MFC-UI\Lesson02_Calculator\Calculator.vcxproj", "{20000002-0000-0000-0000-000000000002}"
EndProject

Project("{8BC9CEB8-8B4A-11D0-8D11-00A0C91BC942}") = "Lesson77_TextEditor", "Part2-MFC-UI\Lesson77_TextEditor\TextEditor.vcxproj", "{20000077-0000-0000-0000-000000000077}"
EndProject

# Note: Add all 90 MFC lessons
# Each lesson gets a unique GUID in format: {2000000X-0000-0000-0000-00000000000X}

# ==============================================================================
# PART 3: 3D RENDERING
# ==============================================================================

Project("{8BC9CEB8-8B4A-11D0-8D11-00A0C91BC942}") = "Lesson01_3DMathIntro", "Part3-3D-Rendering\Lessons01-20_3DMath\Lesson01_3DMathIntro\Lesson01.vcxproj", "{30000001-0000-0000-0000-000000000001}"
EndProject

Project("{8BC9CEB8-8B4A-11D0-8D11-00A0C91BC942}") = "Lesson25_FirstTriangle", "Part3-3D-Rendering\Lessons21-40_OpenGL\Lesson25_FirstTriangle\Lesson25.vcxproj", "{30000025-0000-0000-0000-000000000025}"
EndProject

# Note: Add all 100 3D rendering lessons
# Each lesson gets a unique GUID in format: {3000000X-0000-0000-0000-00000000000X}

# ==============================================================================
# PART 4: OPTIMIZATION & ADVANCED
# ==============================================================================

Project("{8BC9CEB8-8B4A-11D0-8D11-00A0C91BC942}") = "Lesson01_PerfIntro", "Part4-Optimization-Advanced\Lesson01_PerfIntro\Lesson01.vcxproj", "{40000001-0000-0000-0000-000000000001}"
EndProject

Project("{8BC9CEB8-8B4A-11D0-8D11-00A0C91BC942}") = "Lesson51_ThreadPool", "Part4-Optimization-Advanced\Lesson51_ThreadPool\Lesson51.vcxproj", "{40000051-0000-0000-0000-000000000051}"
EndProject

# Note: Add all 100 optimization lessons
# Each lesson gets a unique GUID in format: {4000000X-0000-0000-0000-00000000000X}

Global
	GlobalSection(SolutionConfigurationPlatforms) = preSolution
		Debug|x64 = Debug|x64
		Debug|x86 = Debug|x86
		Release|x64 = Release|x64
		Release|x86 = Release|x86
	EndGlobalSection
	GlobalSection(ProjectConfigurationPlatforms) = postSolution
		{10000001-0000-0000-0000-000000000001}.Debug|x64.ActiveCfg = Debug|x64
		{10000001-0000-0000-0000-000000000001}.Debug|x64.Build.0 = Debug|x64
		{10000001-0000-0000-0000-000000000001}.Release|x64.ActiveCfg = Release|x64
		{10000001-0000-0000-0000-000000000001}.Release|x64.Build.0 = Release|x64

		{20000001-0000-0000-0000-000000000001}.Debug|x64.ActiveCfg = Debug|x64
		{20000001-0000-0000-0000-000000000001}.Debug|x64.Build.0 = Debug|x64
		{20000001-0000-0000-0000-000000000001}.Release|x64.ActiveCfg = Release|x64
		{20000001-0000-0000-0000-000000000001}.Release|x64.Build.0 = Release|x64

		{30000001-0000-0000-0000-000000000001}.Debug|x64.ActiveCfg = Debug|x64
		{30000001-0000-0000-0000-000000000001}.Debug|x64.Build.0 = Debug|x64
		{30000001-0000-0000-0000-000000000001}.Release|x64.ActiveCfg = Release|x64
		{30000001-0000-0000-0000-000000000001}.Release|x64.Build.0 = Release|x64

		{40000001-0000-0000-0000-000000000001}.Debug|x64.ActiveCfg = Debug|x64
		{40000001-0000-0000-0000-000000000001}.Debug|x64.Build.0 = Debug|x64
		{40000001-0000-0000-0000-000000000001}.Release|x64.ActiveCfg = Release|x64
		{40000001-0000-0000-0000-000000000001}.Release|x64.Build.0 = Release|x64
	EndGlobalSection
	GlobalSection(SolutionProperties) = preSolution
		HideSolutionNode = FALSE
	EndGlobalSection
EndGlobal
